
Microsoft Visual Studio Solution File, Format Version 12.00
# Visual Studio Version 17
VisualStudioVersion = 17.13.35919.96
MinimumVisualStudioVersion = 10.0.40219.1
Project("{FAE04EC0-301F-11D3-BF4B-00C04F79EFBC}") = "ClientApi", "ClientApi\ClientApi.csproj", "{493690F1-670A-4DFE-BA5E-96DC45FF84FC}"
EndProject
Project("{FAE04EC0-301F-11D3-BF4B-00C04F79EFBC}") = "Core", "Core\Core.csproj", "{B5BBAE25-F4A1-4FD5-A028-DBEBDFA67128}"
EndProject
Project("{FAE04EC0-301F-11D3-BF4B-00C04F79EFBC}") = "Infra", "Infra\Infra.csproj", "{117B9353-9FC0-404A-AB44-15CDC578BB4B}"
EndProject
Global
	GlobalSection(SolutionConfigurationPlatforms) = preSolution
		Debug|Any CPU = Debug|Any CPU
		Release|Any CPU = Release|Any CPU
	EndGlobalSection
	GlobalSection(ProjectConfigurationPlatforms) = postSolution
		{493690F1-670A-4DFE-BA5E-96DC45FF84FC}.Debug|Any CPU.ActiveCfg = Debug|Any CPU
		{493690F1-670A-4DFE-BA5E-96DC45FF84FC}.Debug|Any CPU.Build.0 = Debug|Any CPU
		{493690F1-670A-4DFE-BA5E-96DC45FF84FC}.Release|Any CPU.ActiveCfg = Release|Any CPU
		{493690F1-670A-4DFE-BA5E-96DC45FF84FC}.Release|Any CPU.Build.0 = Release|Any CPU
		{B5BBAE25-F4A1-4FD5-A028-DBEBDFA67128}.Debug|Any CPU.ActiveCfg = Debug|Any CPU
		{B5BBAE25-F4A1-4FD5-A028-DBEBDFA67128}.Debug|Any CPU.Build.0 = Debug|Any CPU
		{B5BBAE25-F4A1-4FD5-A028-DBEBDFA67128}.Release|Any CPU.ActiveCfg = Release|Any CPU
		{B5BBAE25-F4A1-4FD5-A028-DBEBDFA67128}.Release|Any CPU.Build.0 = Release|Any CPU
		{117B9353-9FC0-404A-AB44-15CDC578BB4B}.Debug|Any CPU.ActiveCfg = Debug|Any CPU
		{117B9353-9FC0-404A-AB44-15CDC578BB4B}.Debug|Any CPU.Build.0 = Debug|Any CPU
		{117B9353-9FC0-404A-AB44-15CDC578BB4B}.Release|Any CPU.ActiveCfg = Release|Any CPU
		{117B9353-9FC0-404A-AB44-15CDC578BB4B}.Release|Any CPU.Build.0 = Release|Any CPU
	EndGlobalSection
	GlobalSection(SolutionProperties) = preSolution
		HideSolutionNode = FALSE
	EndGlobalSection
	GlobalSection(ExtensibilityGlobals) = postSolution
		SolutionGuid = {8F4D467B-1809-4235-AA63-FD16352FB16E}
	EndGlobalSection
EndGlobal
